// !$*UTF8*$!
{
	archiveVersion = 1;
	classes = {
	};
	objectVersion = 46;
	objects = {

/* Begin PBXBuildFile section */
		6F21598017475C94004663A6 /* UIKit.framework in Frameworks */ = {isa = PBXBuildFile; fileRef = 6F21597F17475C94004663A6 /* UIKit.framework */; };
		6F21598217475C94004663A6 /* Foundation.framework in Frameworks */ = {isa = PBXBuildFile; fileRef = 6F21598117475C94004663A6 /* Foundation.framework */; };
		6F21598417475C94004663A6 /* CoreGraphics.framework in Frameworks */ = {isa = PBXBuildFile; fileRef = 6F21598317475C94004663A6 /* CoreGraphics.framework */; };
		6F21598A17475C94004663A6 /* InfoPlist.strings in Resources */ = {isa = PBXBuildFile; fileRef = 6F21598817475C94004663A6 /* InfoPlist.strings */; };
		6F21598C17475C94004663A6 /* main.m in Sources */ = {isa = PBXBuildFile; fileRef = 6F21598B17475C94004663A6 /* main.m */; };
		6F21599017475C94004663A6 /* AppDelegate.m in Sources */ = {isa = PBXBuildFile; fileRef = 6F21598F17475C94004663A6 /* AppDelegate.m */; };
		6F21599217475C94004663A6 /* Default.png in Resources */ = {isa = PBXBuildFile; fileRef = 6F21599117475C94004663A6 /* Default.png */; };
		6F21599417475C94004663A6 /* Default@2x.png in Resources */ = {isa = PBXBuildFile; fileRef = 6F21599317475C94004663A6 /* Default@2x.png */; };
		6F21599617475C94004663A6 /* Default-568h@2x.png in Resources */ = {isa = PBXBuildFile; fileRef = 6F21599517475C94004663A6 /* Default-568h@2x.png */; };
		6F21599917475C94004663A6 /* ViewController.m in Sources */ = {isa = PBXBuildFile; fileRef = 6F21599817475C94004663A6 /* ViewController.m */; };
		6F21599C17475C94004663A6 /* ViewController.xib in Resources */ = {isa = PBXBuildFile; fileRef = 6F21599A17475C94004663A6 /* ViewController.xib */; };
		EDDC2210DAE844919A61670C /* libPods.a in Frameworks */ = {isa = PBXBuildFile; fileRef = C1DE2E4CF6B7498FB306C8E1 /* libPods.a */; };
/* End PBXBuildFile section */

/* Begin PBXFileReference section */
		6F21597C17475C94004663A6 /* FuzzyNinja.app */ = {isa = PBXFileReference; explicitFileType = wrapper.application; includeInIndex = 0; path = FuzzyNinja.app; sourceTree = BUILT_PRODUCTS_DIR; };
		6F21597F17475C94004663A6 /* UIKit.framework */ = {isa = PBXFileReference; lastKnownFileType = wrapper.framework; name = UIKit.framework; path = System/Library/Frameworks/UIKit.framework; sourceTree = SDKROOT; };
		6F21598117475C94004663A6 /* Foundation.framework */ = {isa = PBXFileReference; lastKnownFileType = wrapper.framework; name = Foundation.framework; path = System/Library/Frameworks/Foundation.framework; sourceTree = SDKROOT; };
		6F21598317475C94004663A6 /* CoreGraphics.framework */ = {isa = PBXFileReference; lastKnownFileType = wrapper.framework; name = CoreGraphics.framework; path = System/Library/Frameworks/CoreGraphics.framework; sourceTree = SDKROOT; };
		6F21598717475C94004663A6 /* FuzzyNinja-Info.plist */ = {isa = PBXFileReference; lastKnownFileType = text.plist.xml; path = "FuzzyNinja-Info.plist"; sourceTree = "<group>"; };
		6F21598917475C94004663A6 /* en */ = {isa = PBXFileReference; lastKnownFileType = text.plist.strings; name = en; path = en.lproj/InfoPlist.strings; sourceTree = "<group>"; };
		6F21598B17475C94004663A6 /* main.m */ = {isa = PBXFileReference; lastKnownFileType = sourcecode.c.objc; path = main.m; sourceTree = "<group>"; };
		6F21598D17475C94004663A6 /* FuzzyNinja-Prefix.pch */ = {isa = PBXFileReference; lastKnownFileType = sourcecode.c.h; path = "FuzzyNinja-Prefix.pch"; sourceTree = "<group>"; };
		6F21598E17475C94004663A6 /* AppDelegate.h */ = {isa = PBXFileReference; lastKnownFileType = sourcecode.c.h; path = AppDelegate.h; sourceTree = "<group>"; };
		6F21598F17475C94004663A6 /* AppDelegate.m */ = {isa = PBXFileReference; lastKnownFileType = sourcecode.c.objc; path = AppDelegate.m; sourceTree = "<group>"; };
		6F21599117475C94004663A6 /* Default.png */ = {isa = PBXFileReference; lastKnownFileType = image.png; path = Default.png; sourceTree = "<group>"; };
		6F21599317475C94004663A6 /* Default@2x.png */ = {isa = PBXFileReference; lastKnownFileType = image.png; path = "Default@2x.png"; sourceTree = "<group>"; };
		6F21599517475C94004663A6 /* Default-568h@2x.png */ = {isa = PBXFileReference; lastKnownFileType = image.png; path = "Default-568h@2x.png"; sourceTree = "<group>"; };
		6F21599717475C94004663A6 /* ViewController.h */ = {isa = PBXFileReference; lastKnownFileType = sourcecode.c.h; path = ViewController.h; sourceTree = "<group>"; };
		6F21599817475C94004663A6 /* ViewController.m */ = {isa = PBXFileReference; lastKnownFileType = sourcecode.c.objc; path = ViewController.m; sourceTree = "<group>"; };
		6F21599B17475C94004663A6 /* en */ = {isa = PBXFileReference; lastKnownFileType = file.xib; name = en; path = en.lproj/ViewController.xib; sourceTree = "<group>"; };
		AD5E07C52AEF468CBFD87258 /* Pods.xcconfig */ = {isa = PBXFileReference; includeInIndex = 1; lastKnownFileType = text.xcconfig; name = Pods.xcconfig; path = Pods/Pods.xcconfig; sourceTree = SOURCE_ROOT; };
		C1DE2E4CF6B7498FB306C8E1 /* libPods.a */ = {isa = PBXFileReference; explicitFileType = archive.ar; includeInIndex = 0; path = libPods.a; sourceTree = BUILT_PRODUCTS_DIR; };
/* End PBXFileReference section */

/* Begin PBXFrameworksBuildPhase section */
		6F21597917475C94004663A6 /* Frameworks */ = {
			isa = PBXFrameworksBuildPhase;
			buildActionMask = 2147483647;
			files = (
				6F21598017475C94004663A6 /* UIKit.framework in Frameworks */,
				6F21598217475C94004663A6 /* Foundation.framework in Frameworks */,
				6F21598417475C94004663A6 /* CoreGraphics.framework in Frameworks */,
				EDDC2210DAE844919A61670C /* libPods.a in Frameworks */,
			);
			runOnlyForDeploymentPostprocessing = 0;
		};
/* End PBXFrameworksBuildPhase section */

/* Begin PBXGroup section */
		6F21597317475C94004663A6 = {
			isa = PBXGroup;
			children = (
				6F21598517475C94004663A6 /* FuzzyNinja */,
				6F21597E17475C94004663A6 /* Frameworks */,
				6F21597D17475C94004663A6 /* Products */,
				AD5E07C52AEF468CBFD87258 /* Pods.xcconfig */,
			);
			sourceTree = "<group>";
		};
		6F21597D17475C94004663A6 /* Products */ = {
			isa = PBXGroup;
			children = (
				6F21597C17475C94004663A6 /* FuzzyNinja.app */,
			);
			name = Products;
			sourceTree = "<group>";
		};
		6F21597E17475C94004663A6 /* Frameworks */ = {
			isa = PBXGroup;
			children = (
				6F21597F17475C94004663A6 /* UIKit.framework */,
				6F21598117475C94004663A6 /* Foundation.framework */,
				6F21598317475C94004663A6 /* CoreGraphics.framework */,
				C1DE2E4CF6B7498FB306C8E1 /* libPods.a */,
			);
			name = Frameworks;
			sourceTree = "<group>";
		};
		6F21598517475C94004663A6 /* FuzzyNinja */ = {
			isa = PBXGroup;
			children = (
				6F21598E17475C94004663A6 /* AppDelegate.h */,
				6F21598F17475C94004663A6 /* AppDelegate.m */,
				6F21599717475C94004663A6 /* ViewController.h */,
				6F21599817475C94004663A6 /* ViewController.m */,
				6F21599A17475C94004663A6 /* ViewController.xib */,
				6F21598617475C94004663A6 /* Supporting Files */,
			);
			path = FuzzyNinja;
			sourceTree = "<group>";
		};
		6F21598617475C94004663A6 /* Supporting Files */ = {
			isa = PBXGroup;
			children = (
				6F21598717475C94004663A6 /* FuzzyNinja-Info.plist */,
				6F21598817475C94004663A6 /* InfoPlist.strings */,
				6F21598B17475C94004663A6 /* main.m */,
				6F21598D17475C94004663A6 /* FuzzyNinja-Prefix.pch */,
				6F21599117475C94004663A6 /* Default.png */,
				6F21599317475C94004663A6 /* Default@2x.png */,
				6F21599517475C94004663A6 /* Default-568h@2x.png */,
			);
			name = "Supporting Files";
			sourceTree = "<group>";
		};
/* End PBXGroup section */

/* Begin PBXNativeTarget section */
		6F21597B17475C94004663A6 /* FuzzyNinja */ = {
			isa = PBXNativeTarget;
			buildConfigurationList = 6F21599F17475C94004663A6 /* Build configuration list for PBXNativeTarget "FuzzyNinja" */;
			buildPhases = (
				86B75B2015AE4BAEAAEE0D21 /* Check Pods Manifest.lock */,
				6F21597817475C94004663A6 /* Sources */,
				6F21597917475C94004663A6 /* Frameworks */,
				6F21597A17475C94004663A6 /* Resources */,
				A0EE010E935445799BEF9D70 /* Copy Pods Resources */,
			);
			buildRules = (
			);
			dependencies = (
			);
			name = FuzzyNinja;
			productName = FuzzyNinja;
			productReference = 6F21597C17475C94004663A6 /* FuzzyNinja.app */;
			productType = "com.apple.product-type.application";
		};
/* End PBXNativeTarget section */

/* Begin PBXProject section */
		6F21597417475C94004663A6 /* Project object */ = {
			isa = PBXProject;
			attributes = {
				LastUpgradeCheck = 0460;
				ORGANIZATIONNAME = stranbird;
			};
			buildConfigurationList = 6F21597717475C94004663A6 /* Build configuration list for PBXProject "FuzzyNinja" */;
			compatibilityVersion = "Xcode 3.2";
			developmentRegion = English;
			hasScannedForEncodings = 0;
			knownRegions = (
				en,
			);
			mainGroup = 6F21597317475C94004663A6;
			productRefGroup = 6F21597D17475C94004663A6 /* Products */;
			projectDirPath = "";
			projectRoot = "";
			targets = (
				6F21597B17475C94004663A6 /* FuzzyNinja */,
			);
		};
/* End PBXProject section */

/* Begin PBXResourcesBuildPhase section */
		6F21597A17475C94004663A6 /* Resources */ = {
			isa = PBXResourcesBuildPhase;
			buildActionMask = 2147483647;
			files = (
				6F21598A17475C94004663A6 /* InfoPlist.strings in Resources */,
				6F21599217475C94004663A6 /* Default.png in Resources */,
				6F21599417475C94004663A6 /* Default@2x.png in Resources */,
				6F21599617475C94004663A6 /* Default-568h@2x.png in Resources */,
				6F21599C17475C94004663A6 /* ViewController.xib in Resources */,
			);
			runOnlyForDeploymentPostprocessing = 0;
		};
/* End PBXResourcesBuildPhase section */

/* Begin PBXShellScriptBuildPhase section */
		86B75B2015AE4BAEAAEE0D21 /* Check Pods Manifest.lock */ = {
			isa = PBXShellScriptBuildPhase;
			buildActionMask = 2147483647;
			files = (
			);
			inputPaths = (
			);
			name = "Check Pods Manifest.lock";
			outputPaths = (
			);
			runOnlyForDeploymentPostprocessing = 0;
			shellPath = /bin/sh;
			shellScript = "diff \"${PODS_ROOT}/../Podfile.lock\" \"${PODS_ROOT}/Manifest.lock\" > /dev/null\nif [[ $? != 0 ]] ; then\n    cat << EOM\nerror: The sandbox is not in sync with the Podfile.lock. Run 'pod install' or update your CocoaPods installation.\nEOM\n    exit 1\nfi\n";
		};
		A0EE010E935445799BEF9D70 /* Copy Pods Resources */ = {
			isa = PBXShellScriptBuildPhase;
			buildActionMask = 2147483647;
			files = (
			);
			inputPaths = (
			);
			name = "Copy Pods Resources";
			outputPaths = (
			);
			runOnlyForDeploymentPostprocessing = 0;
			shellPath = /bin/sh;
			shellScript = "\"${SRCROOT}/Pods/Pods-resources.sh\"\n";
		};
/* End PBXShellScriptBuildPhase section */

/* Begin PBXSourcesBuildPhase section */
		6F21597817475C94004663A6 /* Sources */ = {
			isa = PBXSourcesBuildPhase;
			buildActionMask = 2147483647;
			files = (
				6F21598C17475C94004663A6 /* main.m in Sources */,
				6F21599017475C94004663A6 /* AppDelegate.m in Sources */,
				6F21599917475C94004663A6 /* ViewController.m in Sources */,
			);
			runOnlyForDeploymentPostprocessing = 0;
		};
/* End PBXSourcesBuildPhase section */

/* Begin PBXVariantGroup section */
		6F21598817475C94004663A6 /* InfoPlist.strings */ = {
			isa = PBXVariantGroup;
			children = (
				6F21598917475C94004663A6 /* en */,
			);
			name = InfoPlist.strings;
			sourceTree = "<group>";
		};
		6F21599A17475C94004663A6 /* ViewController.xib */ = {
			isa = PBXVariantGroup;
			children = (
				6F21599B17475C94004663A6 /* en */,
			);
			name = ViewController.xib;
			sourceTree = "<group>";
		};
/* End PBXVariantGroup section */

/* Begin XCBuildConfiguration section */
		6F21599D17475C94004663A6 /* Debug */ = {
			isa = XCBuildConfiguration;
			buildSettings = {
				ALWAYS_SEARCH_USER_PATHS = NO;
				CLANG_CXX_LANGUAGE_STANDARD = "gnu++0x";
				CLANG_CXX_LIBRARY = "libc++";
				CLANG_ENABLE_OBJC_ARC = YES;
				CLANG_WARN_CONSTANT_CONVERSION = YES;
				CLANG_WARN_EMPTY_BODY = YES;
				CLANG_WARN_ENUM_CONVERSION = YES;
				CLANG_WARN_INT_CONVERSION = YES;
				CLANG_WARN__DUPLICATE_METHOD_MATCH = YES;
				"CODE_SIGN_IDENTITY[sdk=iphoneos*]" = "iPhone Developer";
				COPY_PHASE_STRIP = NO;
				GCC_C_LANGUAGE_STANDARD = gnu99;
				GCC_DYNAMIC_NO_PIC = NO;
				GCC_OPTIMIZATION_LEVEL = 0;
				GCC_PREPROCESSOR_DEFINITIONS = (
					"DEBUG=1",
					"$(inherited)",
				);
				GCC_SYMBOLS_PRIVATE_EXTERN = NO;
				GCC_WARN_ABOUT_RETURN_TYPE = YES;
				GCC_WARN_UNINITIALIZED_AUTOS = YES;
				GCC_WARN_UNUSED_VARIABLE = YES;
				IPHONEOS_DEPLOYMENT_TARGET = 6.1;
				ONLY_ACTIVE_ARCH = YES;
				SDKROOT = iphoneos;
			};
			name = Debug;
		};
		6F21599E17475C94004663A6 /* Release */ = {
			isa = XCBuildConfiguration;
			buildSettings = {
				ALWAYS_SEARCH_USER_PATHS = NO;
				CLANG_CXX_LANGUAGE_STANDARD = "gnu++0x";
				CLANG_CXX_LIBRARY = "libc++";
				CLANG_ENABLE_OBJC_ARC = YES;
				CLANG_WARN_CONSTANT_CONVERSION = YES;
				CLANG_WARN_EMPTY_BODY = YES;
				CLANG_WARN_ENUM_CONVERSION = YES;
				CLANG_WARN_INT_CONVERSION = YES;
				CLANG_WARN__DUPLICATE_METHOD_MATCH = YES;
				"CODE_SIGN_IDENTITY[sdk=iphoneos*]" = "iPhone Developer";
				COPY_PHASE_STRIP = YES;
				GCC_C_LANGUAGE_STANDARD = gnu99;
				GCC_WARN_ABOUT_RETURN_TYPE = YES;
				GCC_WARN_UNINITIALIZED_AUTOS = YES;
				GCC_WARN_UNUSED_VARIABLE = YES;
				IPHONEOS_DEPLOYMENT_TARGET = 6.1;
				OTHER_CFLAGS = "-DNS_BLOCK_ASSERTIONS=1";
				SDKROOT = iphoneos;
				VALIDATE_PRODUCT = YES;
			};
			name = Release;
		};
		6F2159A017475C94004663A6 /* Debug */ = {
			isa = XCBuildConfiguration;
			baseConfigurationReference = AD5E07C52AEF468CBFD87258 /* Pods.xcconfig */;
			buildSettings = {
				GCC_PRECOMPILE_PREFIX_HEADER = YES;
				GCC_PREFIX_HEADER = "FuzzyNinja/FuzzyNinja-Prefix.pch";
				INFOPLIST_FILE = "FuzzyNinja/FuzzyNinja-Info.plist";
				IPHONEOS_DEPLOYMENT_TARGET = 6.1;
				PRODUCT_NAME = "$(TARGET_NAME)";
				WRAPPER_EXTENSION = app;
			};
			name = Debug;
		};
		6F2159A117475C94004663A6 /* Release */ = {
			isa = XCBuildConfiguration;
			baseConfigurationReference = AD5E07C52AEF468CBFD87258 /* Pods.xcconfig */;
			buildSettings = {
				GCC_PRECOMPILE_PREFIX_HEADER = YES;
				GCC_PREFIX_HEADER = "FuzzyNinja/FuzzyNinja-Prefix.pch";
				INFOPLIST_FILE = "FuzzyNinja/FuzzyNinja-Info.plist";
				IPHONEOS_DEPLOYMENT_TARGET = 6.1;
				PRODUCT_NAME = "$(TARGET_NAME)";
				WRAPPER_EXTENSION = app;
			};
			name = Release;
		};
/* End XCBuildConfiguration section */

/* Begin XCConfigurationList section */
		6F21597717475C94004663A6 /* Build configuration list for PBXProject "FuzzyNinja" */ = {
			isa = XCConfigurationList;
			buildConfigurations = (
				6F21599D17475C94004663A6 /* Debug */,
				6F21599E17475C94004663A6 /* Release */,
			);
			defaultConfigurationIsVisible = 0;
			defaultConfigurationName = Release;
		};
		6F21599F17475C94004663A6 /* Build configuration list for PBXNativeTarget "FuzzyNinja" */ = {
			isa = XCConfigurationList;
			buildConfigurations = (
				6F2159A017475C94004663A6 /* Debug */,
				6F2159A117475C94004663A6 /* Release */,
			);
			defaultConfigurationIsVisible = 0;
			defaultConfigurationName = Release;
		};
/* End XCConfigurationList section */
	};
	rootObject = 6F21597417475C94004663A6 /* Project object */;
}
