// !$*UTF8*$!
{
	archiveVersion = 1;
	classes = {
	};
	objectVersion = 46;
	objects = {

/* Begin PBXBuildFile section */
		6F21598017475C94004663A6 /* UIKit.framework in Frameworks */ = {isa = PBXBuildFile; fileRef = 6F21597F17475C94004663A6 /* UIKit.framework */; };
		6F21598217475C94004663A6 /* Foundation.framework in Frameworks */ = {isa = PBXBuildFile; fileRef = 6F21598117475C94004663A6 /* Foundation.framework */; };
		6F21598417475C94004663A6 /* CoreGraphics.framework in Frameworks */ = {isa = PBXBuildFile; fileRef = 6F21598317475C94004663A6 /* CoreGraphics.framework */; };
		6F21598A17475C94004663A6 /* InfoPlist.strings in Resources */ = {isa = PBXBuildFile; fileRef = 6F21598817475C94004663A6 /* InfoPlist.strings */; };
		6F21598C17475C94004663A6 /* main.m in Sources */ = {isa = PBXBuildFile; fileRef = 6F21598B17475C94004663A6 /* main.m */; };
		6F21599017475C94004663A6 /* AppDelegate.m in Sources */ = {isa = PBXBuildFile; fileRef = 6F21598F17475C94004663A6 /* AppDelegate.m */; };
		6F21599217475C94004663A6 /* Default.png in Resources */ = {isa = PBXBuildFile; fileRef = 6F21599117475C94004663A6 /* Default.png */; };
		6F21599417475C94004663A6 /* Default@2x.png in Resources */ = {isa = PBXBuildFile; fileRef = 6F21599317475C94004663A6 /* Default@2x.png */; };
		6F21599617475C94004663A6 /* Default-568h@2x.png in Resources */ = {isa = PBXBuildFile; fileRef = 6F21599517475C94004663A6 /* Default-568h@2x.png */; };
		6F21599917475C94004663A6 /* ControlViewController.m in Sources */ = {isa = PBXBuildFile; fileRef = 6F21599817475C94004663A6 /* ControlViewController.m */; };
		6F231BFA1747B2A50088B3C0 /* ControlViewController.xib in Resources */ = {isa = PBXBuildFile; fileRef = 6F231BF91747B2A50088B3C0 /* ControlViewController.xib */; };
		6F231BFC1747B4ED0088B3C0 /* noise.png in Resources */ = {isa = PBXBuildFile; fileRef = 6F231BFB1747B4ED0088B3C0 /* noise.png */; };
		6F231C151747B5790088B3C0 /* 02_0000_Fuzzy-ninja.png in Resources */ = {isa = PBXBuildFile; fileRef = 6F231BFE1747B5790088B3C0 /* 02_0000_Fuzzy-ninja.png */; };
		6F231C161747B5790088B3C0 /* arrow.png in Resources */ = {isa = PBXBuildFile; fileRef = 6F231BFF1747B5790088B3C0 /* arrow.png */; };
		6F231C171747B5790088B3C0 /* arrow@2x.png in Resources */ = {isa = PBXBuildFile; fileRef = 6F231C001747B5790088B3C0 /* arrow@2x.png */; };
		6F231C181747B5790088B3C0 /* center.png in Resources */ = {isa = PBXBuildFile; fileRef = 6F231C011747B5790088B3C0 /* center.png */; };
		6F231C191747B5790088B3C0 /* center@2x.png in Resources */ = {isa = PBXBuildFile; fileRef = 6F231C021747B5790088B3C0 /* center@2x.png */; };
		6F231C1A1747B5790088B3C0 /* last.png in Resources */ = {isa = PBXBuildFile; fileRef = 6F231C031747B5790088B3C0 /* last.png */; };
		6F231C1B1747B5790088B3C0 /* last@2x.png in Resources */ = {isa = PBXBuildFile; fileRef = 6F231C041747B5790088B3C0 /* last@2x.png */; };
		6F231C1C1747B5790088B3C0 /* menu.png in Resources */ = {isa = PBXBuildFile; fileRef = 6F231C051747B5790088B3C0 /* menu.png */; };
		6F231C1D1747B5790088B3C0 /* menu@2x.png in Resources */ = {isa = PBXBuildFile; fileRef = 6F231C061747B5790088B3C0 /* menu@2x.png */; };
		6F231C1E1747B5790088B3C0 /* naviTab.png in Resources */ = {isa = PBXBuildFile; fileRef = 6F231C071747B5790088B3C0 /* naviTab.png */; };
		6F231C1F1747B5790088B3C0 /* naviTab@2x.png in Resources */ = {isa = PBXBuildFile; fileRef = 6F231C081747B5790088B3C0 /* naviTab@2x.png */; };
		6F231C201747B5790088B3C0 /* next.png in Resources */ = {isa = PBXBuildFile; fileRef = 6F231C091747B5790088B3C0 /* next.png */; };
		6F231C211747B5790088B3C0 /* next@2x.png in Resources */ = {isa = PBXBuildFile; fileRef = 6F231C0A1747B5790088B3C0 /* next@2x.png */; };
		6F231C221747B5790088B3C0 /* out.png in Resources */ = {isa = PBXBuildFile; fileRef = 6F231C0B1747B5790088B3C0 /* out.png */; };
		6F231C231747B5790088B3C0 /* out@2x.png in Resources */ = {isa = PBXBuildFile; fileRef = 6F231C0C1747B5790088B3C0 /* out@2x.png */; };
		6F231C241747B5790088B3C0 /* pause.png in Resources */ = {isa = PBXBuildFile; fileRef = 6F231C0D1747B5790088B3C0 /* pause.png */; };
		6F231C251747B5790088B3C0 /* pause@2x.png in Resources */ = {isa = PBXBuildFile; fileRef = 6F231C0E1747B5790088B3C0 /* pause@2x.png */; };
		6F231C261747B5790088B3C0 /* shot.png in Resources */ = {isa = PBXBuildFile; fileRef = 6F231C0F1747B5790088B3C0 /* shot.png */; };
		6F231C271747B5790088B3C0 /* shot@2x.png in Resources */ = {isa = PBXBuildFile; fileRef = 6F231C101747B5790088B3C0 /* shot@2x.png */; };
		6F231C281747B5790088B3C0 /* slidebar.png in Resources */ = {isa = PBXBuildFile; fileRef = 6F231C111747B5790088B3C0 /* slidebar.png */; };
		6F231C291747B5790088B3C0 /* slidebar@2x.png in Resources */ = {isa = PBXBuildFile; fileRef = 6F231C121747B5790088B3C0 /* slidebar@2x.png */; };
		6F231C2A1747B5790088B3C0 /* slideblock.png in Resources */ = {isa = PBXBuildFile; fileRef = 6F231C131747B5790088B3C0 /* slideblock.png */; };
		6F231C2B1747B5790088B3C0 /* slideblock@2x.png in Resources */ = {isa = PBXBuildFile; fileRef = 6F231C141747B5790088B3C0 /* slideblock@2x.png */; };
		6FE8819D17477C1200C09552 /* SplashViewController.m in Sources */ = {isa = PBXBuildFile; fileRef = 6FE8819B17477C1200C09552 /* SplashViewController.m */; };
		6FE8819E17477C1200C09552 /* SplashViewController.xib in Resources */ = {isa = PBXBuildFile; fileRef = 6FE8819C17477C1200C09552 /* SplashViewController.xib */; };
		6FE881A21747846700C09552 /* ConnectViewController.m in Sources */ = {isa = PBXBuildFile; fileRef = 6FE881A01747846700C09552 /* ConnectViewController.m */; };
		6FE881A31747846700C09552 /* ConnectViewController.xib in Resources */ = {isa = PBXBuildFile; fileRef = 6FE881A11747846700C09552 /* ConnectViewController.xib */; };
		6FE881A61747A2C400C09552 /* MyClient.m in Sources */ = {isa = PBXBuildFile; fileRef = 6FE881A51747A2C400C09552 /* MyClient.m */; };
		EDDC2210DAE844919A61670C /* libPods.a in Frameworks */ = {isa = PBXBuildFile; fileRef = C1DE2E4CF6B7498FB306C8E1 /* libPods.a */; };
/* End PBXBuildFile section */

/* Begin PBXFileReference section */
		6F21597C17475C94004663A6 /* FuzzyNinja.app */ = {isa = PBXFileReference; explicitFileType = wrapper.application; includeInIndex = 0; path = FuzzyNinja.app; sourceTree = BUILT_PRODUCTS_DIR; };
		6F21597F17475C94004663A6 /* UIKit.framework */ = {isa = PBXFileReference; lastKnownFileType = wrapper.framework; name = UIKit.framework; path = System/Library/Frameworks/UIKit.framework; sourceTree = SDKROOT; };
		6F21598117475C94004663A6 /* Foundation.framework */ = {isa = PBXFileReference; lastKnownFileType = wrapper.framework; name = Foundation.framework; path = System/Library/Frameworks/Foundation.framework; sourceTree = SDKROOT; };
		6F21598317475C94004663A6 /* CoreGraphics.framework */ = {isa = PBXFileReference; lastKnownFileType = wrapper.framework; name = CoreGraphics.framework; path = System/Library/Frameworks/CoreGraphics.framework; sourceTree = SDKROOT; };
		6F21598717475C94004663A6 /* FuzzyNinja-Info.plist */ = {isa = PBXFileReference; lastKnownFileType = text.plist.xml; path = "FuzzyNinja-Info.plist"; sourceTree = "<group>"; };
		6F21598917475C94004663A6 /* en */ = {isa = PBXFileReference; lastKnownFileType = text.plist.strings; name = en; path = en.lproj/InfoPlist.strings; sourceTree = "<group>"; };
		6F21598B17475C94004663A6 /* main.m */ = {isa = PBXFileReference; lastKnownFileType = sourcecode.c.objc; path = main.m; sourceTree = "<group>"; };
		6F21598D17475C94004663A6 /* FuzzyNinja-Prefix.pch */ = {isa = PBXFileReference; lastKnownFileType = sourcecode.c.h; path = "FuzzyNinja-Prefix.pch"; sourceTree = "<group>"; };
		6F21598E17475C94004663A6 /* AppDelegate.h */ = {isa = PBXFileReference; lastKnownFileType = sourcecode.c.h; path = AppDelegate.h; sourceTree = "<group>"; };
		6F21598F17475C94004663A6 /* AppDelegate.m */ = {isa = PBXFileReference; lastKnownFileType = sourcecode.c.objc; path = AppDelegate.m; sourceTree = "<group>"; };
		6F21599117475C94004663A6 /* Default.png */ = {isa = PBXFileReference; lastKnownFileType = image.png; path = Default.png; sourceTree = "<group>"; };
		6F21599317475C94004663A6 /* Default@2x.png */ = {isa = PBXFileReference; lastKnownFileType = image.png; path = "Default@2x.png"; sourceTree = "<group>"; };
		6F21599517475C94004663A6 /* Default-568h@2x.png */ = {isa = PBXFileReference; lastKnownFileType = image.png; path = "Default-568h@2x.png"; sourceTree = "<group>"; };
		6F21599717475C94004663A6 /* ControlViewController.h */ = {isa = PBXFileReference; lastKnownFileType = sourcecode.c.h; path = ControlViewController.h; sourceTree = "<group>"; };
		6F21599817475C94004663A6 /* ControlViewController.m */ = {isa = PBXFileReference; lastKnownFileType = sourcecode.c.objc; path = ControlViewController.m; sourceTree = "<group>"; };
		6F231BF91747B2A50088B3C0 /* ControlViewController.xib */ = {isa = PBXFileReference; fileEncoding = 4; lastKnownFileType = file.xib; path = ControlViewController.xib; sourceTree = "<group>"; };
		6F231BFB1747B4ED0088B3C0 /* noise.png */ = {isa = PBXFileReference; lastKnownFileType = image.png; path = noise.png; sourceTree = "<group>"; };
		6F231BFE1747B5790088B3C0 /* 02_0000_Fuzzy-ninja.png */ = {isa = PBXFileReference; lastKnownFileType = image.png; path = "02_0000_Fuzzy-ninja.png"; sourceTree = "<group>"; };
		6F231BFF1747B5790088B3C0 /* arrow.png */ = {isa = PBXFileReference; lastKnownFileType = image.png; path = arrow.png; sourceTree = "<group>"; };
		6F231C001747B5790088B3C0 /* arrow@2x.png */ = {isa = PBXFileReference; lastKnownFileType = image.png; path = "arrow@2x.png"; sourceTree = "<group>"; };
		6F231C011747B5790088B3C0 /* center.png */ = {isa = PBXFileReference; lastKnownFileType = image.png; path = center.png; sourceTree = "<group>"; };
		6F231C021747B5790088B3C0 /* center@2x.png */ = {isa = PBXFileReference; lastKnownFileType = image.png; path = "center@2x.png"; sourceTree = "<group>"; };
		6F231C031747B5790088B3C0 /* last.png */ = {isa = PBXFileReference; lastKnownFileType = image.png; path = last.png; sourceTree = "<group>"; };
		6F231C041747B5790088B3C0 /* last@2x.png */ = {isa = PBXFileReference; lastKnownFileType = image.png; path = "last@2x.png"; sourceTree = "<group>"; };
		6F231C051747B5790088B3C0 /* menu.png */ = {isa = PBXFileReference; lastKnownFileType = image.png; path = menu.png; sourceTree = "<group>"; };
		6F231C061747B5790088B3C0 /* menu@2x.png */ = {isa = PBXFileReference; lastKnownFileType = image.png; path = "menu@2x.png"; sourceTree = "<group>"; };
		6F231C071747B5790088B3C0 /* naviTab.png */ = {isa = PBXFileReference; lastKnownFileType = image.png; path = naviTab.png; sourceTree = "<group>"; };
		6F231C081747B5790088B3C0 /* naviTab@2x.png */ = {isa = PBXFileReference; lastKnownFileType = image.png; path = "naviTab@2x.png"; sourceTree = "<group>"; };
		6F231C091747B5790088B3C0 /* next.png */ = {isa = PBXFileReference; lastKnownFileType = image.png; path = next.png; sourceTree = "<group>"; };
		6F231C0A1747B5790088B3C0 /* next@2x.png */ = {isa = PBXFileReference; lastKnownFileType = image.png; path = "next@2x.png"; sourceTree = "<group>"; };
		6F231C0B1747B5790088B3C0 /* out.png */ = {isa = PBXFileReference; lastKnownFileType = image.png; path = out.png; sourceTree = "<group>"; };
		6F231C0C1747B5790088B3C0 /* out@2x.png */ = {isa = PBXFileReference; lastKnownFileType = image.png; path = "out@2x.png"; sourceTree = "<group>"; };
		6F231C0D1747B5790088B3C0 /* pause.png */ = {isa = PBXFileReference; lastKnownFileType = image.png; path = pause.png; sourceTree = "<group>"; };
		6F231C0E1747B5790088B3C0 /* pause@2x.png */ = {isa = PBXFileReference; lastKnownFileType = image.png; path = "pause@2x.png"; sourceTree = "<group>"; };
		6F231C0F1747B5790088B3C0 /* shot.png */ = {isa = PBXFileReference; lastKnownFileType = image.png; path = shot.png; sourceTree = "<group>"; };
		6F231C101747B5790088B3C0 /* shot@2x.png */ = {isa = PBXFileReference; lastKnownFileType = image.png; path = "shot@2x.png"; sourceTree = "<group>"; };
		6F231C111747B5790088B3C0 /* slidebar.png */ = {isa = PBXFileReference; lastKnownFileType = image.png; path = slidebar.png; sourceTree = "<group>"; };
		6F231C121747B5790088B3C0 /* slidebar@2x.png */ = {isa = PBXFileReference; lastKnownFileType = image.png; path = "slidebar@2x.png"; sourceTree = "<group>"; };
		6F231C131747B5790088B3C0 /* slideblock.png */ = {isa = PBXFileReference; lastKnownFileType = image.png; path = slideblock.png; sourceTree = "<group>"; };
		6F231C141747B5790088B3C0 /* slideblock@2x.png */ = {isa = PBXFileReference; lastKnownFileType = image.png; path = "slideblock@2x.png"; sourceTree = "<group>"; };
		6FE8819A17477C1200C09552 /* SplashViewController.h */ = {isa = PBXFileReference; fileEncoding = 4; lastKnownFileType = sourcecode.c.h; path = SplashViewController.h; sourceTree = "<group>"; };
		6FE8819B17477C1200C09552 /* SplashViewController.m */ = {isa = PBXFileReference; fileEncoding = 4; lastKnownFileType = sourcecode.c.objc; path = SplashViewController.m; sourceTree = "<group>"; };
		6FE8819C17477C1200C09552 /* SplashViewController.xib */ = {isa = PBXFileReference; fileEncoding = 4; lastKnownFileType = file.xib; path = SplashViewController.xib; sourceTree = "<group>"; };
		6FE8819F1747846700C09552 /* ConnectViewController.h */ = {isa = PBXFileReference; fileEncoding = 4; lastKnownFileType = sourcecode.c.h; path = ConnectViewController.h; sourceTree = "<group>"; };
		6FE881A01747846700C09552 /* ConnectViewController.m */ = {isa = PBXFileReference; fileEncoding = 4; lastKnownFileType = sourcecode.c.objc; path = ConnectViewController.m; sourceTree = "<group>"; };
		6FE881A11747846700C09552 /* ConnectViewController.xib */ = {isa = PBXFileReference; fileEncoding = 4; lastKnownFileType = file.xib; path = ConnectViewController.xib; sourceTree = "<group>"; };
		6FE881A41747A2C400C09552 /* MyClient.h */ = {isa = PBXFileReference; fileEncoding = 4; lastKnownFileType = sourcecode.c.h; path = MyClient.h; sourceTree = "<group>"; };
		6FE881A51747A2C400C09552 /* MyClient.m */ = {isa = PBXFileReference; fileEncoding = 4; lastKnownFileType = sourcecode.c.objc; path = MyClient.m; sourceTree = "<group>"; };
		AD5E07C52AEF468CBFD87258 /* Pods.xcconfig */ = {isa = PBXFileReference; includeInIndex = 1; lastKnownFileType = text.xcconfig; name = Pods.xcconfig; path = Pods/Pods.xcconfig; sourceTree = SOURCE_ROOT; };
		C1DE2E4CF6B7498FB306C8E1 /* libPods.a */ = {isa = PBXFileReference; explicitFileType = archive.ar; includeInIndex = 0; path = libPods.a; sourceTree = BUILT_PRODUCTS_DIR; };
/* End PBXFileReference section */

/* Begin PBXFrameworksBuildPhase section */
		6F21597917475C94004663A6 /* Frameworks */ = {
			isa = PBXFrameworksBuildPhase;
			buildActionMask = 2147483647;
			files = (
				6F21598017475C94004663A6 /* UIKit.framework in Frameworks */,
				6F21598217475C94004663A6 /* Foundation.framework in Frameworks */,
				6F21598417475C94004663A6 /* CoreGraphics.framework in Frameworks */,
				EDDC2210DAE844919A61670C /* libPods.a in Frameworks */,
			);
			runOnlyForDeploymentPostprocessing = 0;
		};
/* End PBXFrameworksBuildPhase section */

/* Begin PBXGroup section */
		6F21597317475C94004663A6 = {
			isa = PBXGroup;
			children = (
				6F21598517475C94004663A6 /* FuzzyNinja */,
				6F21597E17475C94004663A6 /* Frameworks */,
				6F21597D17475C94004663A6 /* Products */,
				AD5E07C52AEF468CBFD87258 /* Pods.xcconfig */,
			);
			sourceTree = "<group>";
		};
		6F21597D17475C94004663A6 /* Products */ = {
			isa = PBXGroup;
			children = (
				6F21597C17475C94004663A6 /* FuzzyNinja.app */,
			);
			name = Products;
			sourceTree = "<group>";
		};
		6F21597E17475C94004663A6 /* Frameworks */ = {
			isa = PBXGroup;
			children = (
				6F21597F17475C94004663A6 /* UIKit.framework */,
				6F21598117475C94004663A6 /* Foundation.framework */,
				6F21598317475C94004663A6 /* CoreGraphics.framework */,
				C1DE2E4CF6B7498FB306C8E1 /* libPods.a */,
			);
			name = Frameworks;
			sourceTree = "<group>";
		};
		6F21598517475C94004663A6 /* FuzzyNinja */ = {
			isa = PBXGroup;
			children = (
				6F231BFD1747B56D0088B3C0 /* resources */,
				6FE8819A17477C1200C09552 /* SplashViewController.h */,
				6FE8819B17477C1200C09552 /* SplashViewController.m */,
				6FE881A41747A2C400C09552 /* MyClient.h */,
				6FE881A51747A2C400C09552 /* MyClient.m */,
				6FE8819C17477C1200C09552 /* SplashViewController.xib */,
				6FE8819F1747846700C09552 /* ConnectViewController.h */,
				6FE881A01747846700C09552 /* ConnectViewController.m */,
				6FE881A11747846700C09552 /* ConnectViewController.xib */,
				6F21598E17475C94004663A6 /* AppDelegate.h */,
				6F21598F17475C94004663A6 /* AppDelegate.m */,
				6F21599717475C94004663A6 /* ControlViewController.h */,
				6F21599817475C94004663A6 /* ControlViewController.m */,
				6F231BF91747B2A50088B3C0 /* ControlViewController.xib */,
				6F21598617475C94004663A6 /* Supporting Files */,
			);
			path = FuzzyNinja;
			sourceTree = "<group>";
		};
		6F21598617475C94004663A6 /* Supporting Files */ = {
			isa = PBXGroup;
			children = (
				6F21598717475C94004663A6 /* FuzzyNinja-Info.plist */,
				6F21598817475C94004663A6 /* InfoPlist.strings */,
				6F21598B17475C94004663A6 /* main.m */,
				6F21598D17475C94004663A6 /* FuzzyNinja-Prefix.pch */,
				6F21599117475C94004663A6 /* Default.png */,
				6F21599317475C94004663A6 /* Default@2x.png */,
				6F21599517475C94004663A6 /* Default-568h@2x.png */,
			);
			name = "Supporting Files";
			sourceTree = "<group>";
		};
		6F231BFD1747B56D0088B3C0 /* resources */ = {
			isa = PBXGroup;
			children = (
				6F231BFB1747B4ED0088B3C0 /* noise.png */,
				6F231BFE1747B5790088B3C0 /* 02_0000_Fuzzy-ninja.png */,
				6F231BFF1747B5790088B3C0 /* arrow.png */,
				6F231C001747B5790088B3C0 /* arrow@2x.png */,
				6F231C011747B5790088B3C0 /* center.png */,
				6F231C021747B5790088B3C0 /* center@2x.png */,
				6F231C031747B5790088B3C0 /* last.png */,
				6F231C041747B5790088B3C0 /* last@2x.png */,
				6F231C051747B5790088B3C0 /* menu.png */,
				6F231C061747B5790088B3C0 /* menu@2x.png */,
				6F231C071747B5790088B3C0 /* naviTab.png */,
				6F231C081747B5790088B3C0 /* naviTab@2x.png */,
				6F231C091747B5790088B3C0 /* next.png */,
				6F231C0A1747B5790088B3C0 /* next@2x.png */,
				6F231C0B1747B5790088B3C0 /* out.png */,
				6F231C0C1747B5790088B3C0 /* out@2x.png */,
				6F231C0D1747B5790088B3C0 /* pause.png */,
				6F231C0E1747B5790088B3C0 /* pause@2x.png */,
				6F231C0F1747B5790088B3C0 /* shot.png */,
				6F231C101747B5790088B3C0 /* shot@2x.png */,
				6F231C111747B5790088B3C0 /* slidebar.png */,
				6F231C121747B5790088B3C0 /* slidebar@2x.png */,
				6F231C131747B5790088B3C0 /* slideblock.png */,
				6F231C141747B5790088B3C0 /* slideblock@2x.png */,
			);
			name = resources;
			sourceTree = "<group>";
		};
/* End PBXGroup section */

/* Begin PBXNativeTarget section */
		6F21597B17475C94004663A6 /* FuzzyNinja */ = {
			isa = PBXNativeTarget;
			buildConfigurationList = 6F21599F17475C94004663A6 /* Build configuration list for PBXNativeTarget "FuzzyNinja" */;
			buildPhases = (
				86B75B2015AE4BAEAAEE0D21 /* Check Pods Manifest.lock */,
				6F21597817475C94004663A6 /* Sources */,
				6F21597917475C94004663A6 /* Frameworks */,
				6F21597A17475C94004663A6 /* Resources */,
				A0EE010E935445799BEF9D70 /* Copy Pods Resources */,
			);
			buildRules = (
			);
			dependencies = (
			);
			name = FuzzyNinja;
			productName = FuzzyNinja;
			productReference = 6F21597C17475C94004663A6 /* FuzzyNinja.app */;
			productType = "com.apple.product-type.application";
		};
/* End PBXNativeTarget section */

/* Begin PBXProject section */
		6F21597417475C94004663A6 /* Project object */ = {
			isa = PBXProject;
			attributes = {
				LastUpgradeCheck = 0460;
				ORGANIZATIONNAME = stranbird;
			};
			buildConfigurationList = 6F21597717475C94004663A6 /* Build configuration list for PBXProject "FuzzyNinja" */;
			compatibilityVersion = "Xcode 3.2";
			developmentRegion = English;
			hasScannedForEncodings = 0;
			knownRegions = (
				en,
			);
			mainGroup = 6F21597317475C94004663A6;
			productRefGroup = 6F21597D17475C94004663A6 /* Products */;
			projectDirPath = "";
			projectRoot = "";
			targets = (
				6F21597B17475C94004663A6 /* FuzzyNinja */,
			);
		};
/* End PBXProject section */

/* Begin PBXResourcesBuildPhase section */
		6F21597A17475C94004663A6 /* Resources */ = {
			isa = PBXResourcesBuildPhase;
			buildActionMask = 2147483647;
			files = (
				6F21598A17475C94004663A6 /* InfoPlist.strings in Resources */,
				6F21599217475C94004663A6 /* Default.png in Resources */,
				6F21599417475C94004663A6 /* Default@2x.png in Resources */,
				6F21599617475C94004663A6 /* Default-568h@2x.png in Resources */,
				6FE8819E17477C1200C09552 /* SplashViewController.xib in Resources */,
				6FE881A31747846700C09552 /* ConnectViewController.xib in Resources */,
				6F231BFA1747B2A50088B3C0 /* ControlViewController.xib in Resources */,
				6F231BFC1747B4ED0088B3C0 /* noise.png in Resources */,
				6F231C151747B5790088B3C0 /* 02_0000_Fuzzy-ninja.png in Resources */,
				6F231C161747B5790088B3C0 /* arrow.png in Resources */,
				6F231C171747B5790088B3C0 /* arrow@2x.png in Resources */,
				6F231C181747B5790088B3C0 /* center.png in Resources */,
				6F231C191747B5790088B3C0 /* center@2x.png in Resources */,
				6F231C1A1747B5790088B3C0 /* last.png in Resources */,
				6F231C1B1747B5790088B3C0 /* last@2x.png in Resources */,
				6F231C1C1747B5790088B3C0 /* menu.png in Resources */,
				6F231C1D1747B5790088B3C0 /* menu@2x.png in Resources */,
				6F231C1E1747B5790088B3C0 /* naviTab.png in Resources */,
				6F231C1F1747B5790088B3C0 /* naviTab@2x.png in Resources */,
				6F231C201747B5790088B3C0 /* next.png in Resources */,
				6F231C211747B5790088B3C0 /* next@2x.png in Resources */,
				6F231C221747B5790088B3C0 /* out.png in Resources */,
				6F231C231747B5790088B3C0 /* out@2x.png in Resources */,
				6F231C241747B5790088B3C0 /* pause.png in Resources */,
				6F231C251747B5790088B3C0 /* pause@2x.png in Resources */,
				6F231C261747B5790088B3C0 /* shot.png in Resources */,
				6F231C271747B5790088B3C0 /* shot@2x.png in Resources */,
				6F231C281747B5790088B3C0 /* slidebar.png in Resources */,
				6F231C291747B5790088B3C0 /* slidebar@2x.png in Resources */,
				6F231C2A1747B5790088B3C0 /* slideblock.png in Resources */,
				6F231C2B1747B5790088B3C0 /* slideblock@2x.png in Resources */,
			);
			runOnlyForDeploymentPostprocessing = 0;
		};
/* End PBXResourcesBuildPhase section */

/* Begin PBXShellScriptBuildPhase section */
		86B75B2015AE4BAEAAEE0D21 /* Check Pods Manifest.lock */ = {
			isa = PBXShellScriptBuildPhase;
			buildActionMask = 2147483647;
			files = (
			);
			inputPaths = (
			);
			name = "Check Pods Manifest.lock";
			outputPaths = (
			);
			runOnlyForDeploymentPostprocessing = 0;
			shellPath = /bin/sh;
			shellScript = "diff \"${PODS_ROOT}/../Podfile.lock\" \"${PODS_ROOT}/Manifest.lock\" > /dev/null\nif [[ $? != 0 ]] ; then\n    cat << EOM\nerror: The sandbox is not in sync with the Podfile.lock. Run 'pod install' or update your CocoaPods installation.\nEOM\n    exit 1\nfi\n";
		};
		A0EE010E935445799BEF9D70 /* Copy Pods Resources */ = {
			isa = PBXShellScriptBuildPhase;
			buildActionMask = 2147483647;
			files = (
			);
			inputPaths = (
			);
			name = "Copy Pods Resources";
			outputPaths = (
			);
			runOnlyForDeploymentPostprocessing = 0;
			shellPath = /bin/sh;
			shellScript = "\"${SRCROOT}/Pods/Pods-resources.sh\"\n";
		};
/* End PBXShellScriptBuildPhase section */

/* Begin PBXSourcesBuildPhase section */
		6F21597817475C94004663A6 /* Sources */ = {
			isa = PBXSourcesBuildPhase;
			buildActionMask = 2147483647;
			files = (
				6F21598C17475C94004663A6 /* main.m in Sources */,
				6F21599017475C94004663A6 /* AppDelegate.m in Sources */,
				6F21599917475C94004663A6 /* ControlViewController.m in Sources */,
				6FE8819D17477C1200C09552 /* SplashViewController.m in Sources */,
				6FE881A21747846700C09552 /* ConnectViewController.m in Sources */,
				6FE881A61747A2C400C09552 /* MyClient.m in Sources */,
			);
			runOnlyForDeploymentPostprocessing = 0;
		};
/* End PBXSourcesBuildPhase section */

/* Begin PBXVariantGroup section */
		6F21598817475C94004663A6 /* InfoPlist.strings */ = {
			isa = PBXVariantGroup;
			children = (
				6F21598917475C94004663A6 /* en */,
			);
			name = InfoPlist.strings;
			sourceTree = "<group>";
		};
/* End PBXVariantGroup section */

/* Begin XCBuildConfiguration section */
		6F21599D17475C94004663A6 /* Debug */ = {
			isa = XCBuildConfiguration;
			buildSettings = {
				ALWAYS_SEARCH_USER_PATHS = NO;
				CLANG_CXX_LANGUAGE_STANDARD = "gnu++0x";
				CLANG_CXX_LIBRARY = "libc++";
				CLANG_ENABLE_OBJC_ARC = YES;
				CLANG_WARN_CONSTANT_CONVERSION = YES;
				CLANG_WARN_EMPTY_BODY = YES;
				CLANG_WARN_ENUM_CONVERSION = YES;
				CLANG_WARN_INT_CONVERSION = YES;
				CLANG_WARN__DUPLICATE_METHOD_MATCH = YES;
				"CODE_SIGN_IDENTITY[sdk=iphoneos*]" = "iPhone Developer";
				COPY_PHASE_STRIP = NO;
				GCC_C_LANGUAGE_STANDARD = gnu99;
				GCC_DYNAMIC_NO_PIC = NO;
				GCC_OPTIMIZATION_LEVEL = 0;
				GCC_PREPROCESSOR_DEFINITIONS = (
					"DEBUG=1",
					"$(inherited)",
				);
				GCC_SYMBOLS_PRIVATE_EXTERN = NO;
				GCC_WARN_ABOUT_RETURN_TYPE = YES;
				GCC_WARN_UNINITIALIZED_AUTOS = YES;
				GCC_WARN_UNUSED_VARIABLE = YES;
				IPHONEOS_DEPLOYMENT_TARGET = 6.1;
				ONLY_ACTIVE_ARCH = YES;
				SDKROOT = iphoneos;
			};
			name = Debug;
		};
		6F21599E17475C94004663A6 /* Release */ = {
			isa = XCBuildConfiguration;
			buildSettings = {
				ALWAYS_SEARCH_USER_PATHS = NO;
				CLANG_CXX_LANGUAGE_STANDARD = "gnu++0x";
				CLANG_CXX_LIBRARY = "libc++";
				CLANG_ENABLE_OBJC_ARC = YES;
				CLANG_WARN_CONSTANT_CONVERSION = YES;
				CLANG_WARN_EMPTY_BODY = YES;
				CLANG_WARN_ENUM_CONVERSION = YES;
				CLANG_WARN_INT_CONVERSION = YES;
				CLANG_WARN__DUPLICATE_METHOD_MATCH = YES;
				"CODE_SIGN_IDENTITY[sdk=iphoneos*]" = "iPhone Developer";
				COPY_PHASE_STRIP = YES;
				GCC_C_LANGUAGE_STANDARD = gnu99;
				GCC_WARN_ABOUT_RETURN_TYPE = YES;
				GCC_WARN_UNINITIALIZED_AUTOS = YES;
				GCC_WARN_UNUSED_VARIABLE = YES;
				IPHONEOS_DEPLOYMENT_TARGET = 6.1;
				OTHER_CFLAGS = "-DNS_BLOCK_ASSERTIONS=1";
				SDKROOT = iphoneos;
				VALIDATE_PRODUCT = YES;
			};
			name = Release;
		};
		6F2159A017475C94004663A6 /* Debug */ = {
			isa = XCBuildConfiguration;
			baseConfigurationReference = AD5E07C52AEF468CBFD87258 /* Pods.xcconfig */;
			buildSettings = {
				GCC_PRECOMPILE_PREFIX_HEADER = YES;
				GCC_PREFIX_HEADER = "FuzzyNinja/FuzzyNinja-Prefix.pch";
				INFOPLIST_FILE = "FuzzyNinja/FuzzyNinja-Info.plist";
				IPHONEOS_DEPLOYMENT_TARGET = 6.1;
				PRODUCT_NAME = "$(TARGET_NAME)";
				WRAPPER_EXTENSION = app;
			};
			name = Debug;
		};
		6F2159A117475C94004663A6 /* Release */ = {
			isa = XCBuildConfiguration;
			baseConfigurationReference = AD5E07C52AEF468CBFD87258 /* Pods.xcconfig */;
			buildSettings = {
				GCC_PRECOMPILE_PREFIX_HEADER = YES;
				GCC_PREFIX_HEADER = "FuzzyNinja/FuzzyNinja-Prefix.pch";
				INFOPLIST_FILE = "FuzzyNinja/FuzzyNinja-Info.plist";
				IPHONEOS_DEPLOYMENT_TARGET = 6.1;
				PRODUCT_NAME = "$(TARGET_NAME)";
				WRAPPER_EXTENSION = app;
			};
			name = Release;
		};
/* End XCBuildConfiguration section */

/* Begin XCConfigurationList section */
		6F21597717475C94004663A6 /* Build configuration list for PBXProject "FuzzyNinja" */ = {
			isa = XCConfigurationList;
			buildConfigurations = (
				6F21599D17475C94004663A6 /* Debug */,
				6F21599E17475C94004663A6 /* Release */,
			);
			defaultConfigurationIsVisible = 0;
			defaultConfigurationName = Release;
		};
		6F21599F17475C94004663A6 /* Build configuration list for PBXNativeTarget "FuzzyNinja" */ = {
			isa = XCConfigurationList;
			buildConfigurations = (
				6F2159A017475C94004663A6 /* Debug */,
				6F2159A117475C94004663A6 /* Release */,
			);
			defaultConfigurationIsVisible = 0;
			defaultConfigurationName = Release;
		};
/* End XCConfigurationList section */
	};
	rootObject = 6F21597417475C94004663A6 /* Project object */;
}
